
Microsoft Visual Studio Solution File, Format Version 12.00
Project("{FAE04EC0-301F-11D3-BF4B-00C04F79EFBC}") = "StaticFactoryMethod", "StaticFactoryMethod\StaticFactoryMethod.csproj", "{30E574A4-ADDA-4B47-AD5E-37EF662ACCFC}"
EndProject
Global
	GlobalSection(SolutionConfigurationPlatforms) = preSolution
		Debug|Any CPU = Debug|Any CPU
		Release|Any CPU = Release|Any CPU
	EndGlobalSection
	GlobalSection(ProjectConfigurationPlatforms) = postSolution
		{30E574A4-ADDA-4B47-AD5E-37EF662ACCFC}.Debug|Any CPU.ActiveCfg = Debug|Any CPU
		{30E574A4-ADDA-4B47-AD5E-37EF662ACCFC}.Debug|Any CPU.Build.0 = Debug|Any CPU
		{30E574A4-ADDA-4B47-AD5E-37EF662ACCFC}.Release|Any CPU.ActiveCfg = Release|Any CPU
		{30E574A4-ADDA-4B47-AD5E-37EF662ACCFC}.Release|Any CPU.Build.0 = Release|Any CPU
	EndGlobalSection
EndGlobal
